// !$*UTF8*$!
{
	archiveVersion = 1;
	classes = {
	};
	objectVersion = 56;
	objects = {

/* Begin PBXBuildFile section */
		830384F328F0E02600F92EDD /* LuloBankApp.swift in Sources */ = {isa = PBXBuildFile; fileRef = 830384F228F0E02600F92EDD /* LuloBankApp.swift */; };
		830384F528F0E02600F92EDD /* ContentView.swift in Sources */ = {isa = PBXBuildFile; fileRef = 830384F428F0E02600F92EDD /* ContentView.swift */; };
		830384F728F0E02A00F92EDD /* Assets.xcassets in Resources */ = {isa = PBXBuildFile; fileRef = 830384F628F0E02A00F92EDD /* Assets.xcassets */; };
		830384FA28F0E02A00F92EDD /* Preview Assets.xcassets in Resources */ = {isa = PBXBuildFile; fileRef = 830384F928F0E02A00F92EDD /* Preview Assets.xcassets */; };
		8303850128F0E47100F92EDD /* ImageLoadingView.swift in Sources */ = {isa = PBXBuildFile; fileRef = 8303850028F0E47100F92EDD /* ImageLoadingView.swift */; };
		8303850328F0E4A600F92EDD /* lmageLoadingViewModel.swift in Sources */ = {isa = PBXBuildFile; fileRef = 8303850228F0E4A600F92EDD /* lmageLoadingViewModel.swift */; };
		8303850528F0E72F00F92EDD /* PokemonModel.swift in Sources */ = {isa = PBXBuildFile; fileRef = 8303850428F0E72F00F92EDD /* PokemonModel.swift */; };
		8303850728F1B83900F92EDD /* PokemonViewModel.swift in Sources */ = {isa = PBXBuildFile; fileRef = 8303850628F1B83900F92EDD /* PokemonViewModel.swift */; };
		8303850928F1BB4E00F92EDD /* PokemonView.swift in Sources */ = {isa = PBXBuildFile; fileRef = 8303850828F1BB4E00F92EDD /* PokemonView.swift */; };
		8303850B28F1C2AC00F92EDD /* PokemonDetailView.swift in Sources */ = {isa = PBXBuildFile; fileRef = 8303850A28F1C2AC00F92EDD /* PokemonDetailView.swift */; };
/* End PBXBuildFile section */

/* Begin PBXFileReference section */
		830384EF28F0E02600F92EDD /* LuloBank.app */ = {isa = PBXFileReference; explicitFileType = wrapper.application; includeInIndex = 0; path = LuloBank.app; sourceTree = BUILT_PRODUCTS_DIR; };
		830384F228F0E02600F92EDD /* LuloBankApp.swift */ = {isa = PBXFileReference; lastKnownFileType = sourcecode.swift; path = LuloBankApp.swift; sourceTree = "<group>"; };
		830384F428F0E02600F92EDD /* ContentView.swift */ = {isa = PBXFileReference; lastKnownFileType = sourcecode.swift; path = ContentView.swift; sourceTree = "<group>"; };
		830384F628F0E02A00F92EDD /* Assets.xcassets */ = {isa = PBXFileReference; lastKnownFileType = folder.assetcatalog; path = Assets.xcassets; sourceTree = "<group>"; };
		830384F928F0E02A00F92EDD /* Preview Assets.xcassets */ = {isa = PBXFileReference; lastKnownFileType = folder.assetcatalog; path = "Preview Assets.xcassets"; sourceTree = "<group>"; };
		8303850028F0E47100F92EDD /* ImageLoadingView.swift */ = {isa = PBXFileReference; lastKnownFileType = sourcecode.swift; path = ImageLoadingView.swift; sourceTree = "<group>"; };
		8303850228F0E4A600F92EDD /* lmageLoadingViewModel.swift */ = {isa = PBXFileReference; lastKnownFileType = sourcecode.swift; path = lmageLoadingViewModel.swift; sourceTree = "<group>"; };
		8303850428F0E72F00F92EDD /* PokemonModel.swift */ = {isa = PBXFileReference; lastKnownFileType = sourcecode.swift; path = PokemonModel.swift; sourceTree = "<group>"; };
		8303850628F1B83900F92EDD /* PokemonViewModel.swift */ = {isa = PBXFileReference; lastKnownFileType = sourcecode.swift; path = PokemonViewModel.swift; sourceTree = "<group>"; };
		8303850828F1BB4E00F92EDD /* PokemonView.swift */ = {isa = PBXFileReference; lastKnownFileType = sourcecode.swift; path = PokemonView.swift; sourceTree = "<group>"; };
		8303850A28F1C2AC00F92EDD /* PokemonDetailView.swift */ = {isa = PBXFileReference; lastKnownFileType = sourcecode.swift; path = PokemonDetailView.swift; sourceTree = "<group>"; };
/* End PBXFileReference section */

/* Begin PBXFrameworksBuildPhase section */
		830384EC28F0E02600F92EDD /* Frameworks */ = {
			isa = PBXFrameworksBuildPhase;
			buildActionMask = 2147483647;
			files = (
			);
			runOnlyForDeploymentPostprocessing = 0;
		};
/* End PBXFrameworksBuildPhase section */

/* Begin PBXGroup section */
		830384E628F0E02600F92EDD = {
			isa = PBXGroup;
			children = (
				830384F128F0E02600F92EDD /* LuloBank */,
				830384F028F0E02600F92EDD /* Products */,
			);
			sourceTree = "<group>";
		};
		830384F028F0E02600F92EDD /* Products */ = {
			isa = PBXGroup;
			children = (
				830384EF28F0E02600F92EDD /* LuloBank.app */,
			);
			name = Products;
			sourceTree = "<group>";
		};
		830384F128F0E02600F92EDD /* LuloBank */ = {
			isa = PBXGroup;
			children = (
				830384F228F0E02600F92EDD /* LuloBankApp.swift */,
				830384F428F0E02600F92EDD /* ContentView.swift */,
				830384F628F0E02A00F92EDD /* Assets.xcassets */,
				8303850F28F1FF7D00F92EDD /* Helpers */,
				8303850E28F1FF7500F92EDD /* Model */,
				8303850C28F1FF4400F92EDD /* View */,
				8303850D28F1FF6200F92EDD /* ViewModel */,
				830384F828F0E02A00F92EDD /* Preview Content */,
			);
			path = LuloBank;
			sourceTree = "<group>";
		};
		830384F828F0E02A00F92EDD /* Preview Content */ = {
			isa = PBXGroup;
			children = (
				830384F928F0E02A00F92EDD /* Preview Assets.xcassets */,
			);
			path = "Preview Content";
			sourceTree = "<group>";
		};
		8303850C28F1FF4400F92EDD /* View */ = {
			isa = PBXGroup;
			children = (
				8303850828F1BB4E00F92EDD /* PokemonView.swift */,
				8303850A28F1C2AC00F92EDD /* PokemonDetailView.swift */,
			);
			path = View;
			sourceTree = "<group>";
		};
		8303850D28F1FF6200F92EDD /* ViewModel */ = {
			isa = PBXGroup;
			children = (
				8303850228F0E4A600F92EDD /* lmageLoadingViewModel.swift */,
				8303850628F1B83900F92EDD /* PokemonViewModel.swift */,
			);
			path = ViewModel;
			sourceTree = "<group>";
		};
		8303850E28F1FF7500F92EDD /* Model */ = {
			isa = PBXGroup;
			children = (
				8303850428F0E72F00F92EDD /* PokemonModel.swift */,
			);
			path = Model;
			sourceTree = "<group>";
		};
		8303850F28F1FF7D00F92EDD /* Helpers */ = {
			isa = PBXGroup;
			children = (
				8303850028F0E47100F92EDD /* ImageLoadingView.swift */,
			);
			path = Helpers;
			sourceTree = "<group>";
		};
/* End PBXGroup section */

/* Begin PBXNativeTarget section */
		830384EE28F0E02600F92EDD /* LuloBank */ = {
			isa = PBXNativeTarget;
			buildConfigurationList = 830384FD28F0E02A00F92EDD /* Build configuration list for PBXNativeTarget "LuloBank" */;
			buildPhases = (
				830384EB28F0E02600F92EDD /* Sources */,
				830384EC28F0E02600F92EDD /* Frameworks */,
				830384ED28F0E02600F92EDD /* Resources */,
			);
			buildRules = (
			);
			dependencies = (
			);
			name = LuloBank;
			productName = LuloBank;
			productReference = 830384EF28F0E02600F92EDD /* LuloBank.app */;
			productType = "com.apple.product-type.application";
		};
/* End PBXNativeTarget section */

/* Begin PBXProject section */
		830384E728F0E02600F92EDD /* Project object */ = {
			isa = PBXProject;
			attributes = {
				BuildIndependentTargetsInParallel = 1;
				LastSwiftUpdateCheck = 1400;
				LastUpgradeCheck = 1400;
				TargetAttributes = {
					830384EE28F0E02600F92EDD = {
						CreatedOnToolsVersion = 14.0.1;
					};
				};
			};
			buildConfigurationList = 830384EA28F0E02600F92EDD /* Build configuration list for PBXProject "LuloBank" */;
			compatibilityVersion = "Xcode 14.0";
			developmentRegion = en;
			hasScannedForEncodings = 0;
			knownRegions = (
				en,
				Base,
			);
			mainGroup = 830384E628F0E02600F92EDD;
			productRefGroup = 830384F028F0E02600F92EDD /* Products */;
			projectDirPath = "";
			projectRoot = "";
			targets = (
				830384EE28F0E02600F92EDD /* LuloBank */,
			);
		};
/* End PBXProject section */

/* Begin PBXResourcesBuildPhase section */
		830384ED28F0E02600F92EDD /* Resources */ = {
			isa = PBXResourcesBuildPhase;
			buildActionMask = 2147483647;
			files = (
				830384FA28F0E02A00F92EDD /* Preview Assets.xcassets in Resources */,
				830384F728F0E02A00F92EDD /* Assets.xcassets in Resources */,
			);
			runOnlyForDeploymentPostprocessing = 0;
		};
/* End PBXResourcesBuildPhase section */

/* Begin PBXSourcesBuildPhase section */
		830384EB28F0E02600F92EDD /* Sources */ = {
			isa = PBXSourcesBuildPhase;
			buildActionMask = 2147483647;
			files = (
				8303850128F0E47100F92EDD /* ImageLoadingView.swift in Sources */,
				8303850B28F1C2AC00F92EDD /* PokemonDetailView.swift in Sources */,
				830384F528F0E02600F92EDD /* ContentView.swift in Sources */,
				8303850728F1B83900F92EDD /* PokemonViewModel.swift in Sources */,
				8303850328F0E4A600F92EDD /* lmageLoadingViewModel.swift in Sources */,
				8303850928F1BB4E00F92EDD /* PokemonView.swift in Sources */,
				8303850528F0E72F00F92EDD /* PokemonModel.swift in Sources */,
				830384F328F0E02600F92EDD /* LuloBankApp.swift in Sources */,
			);
			runOnlyForDeploymentPostprocessing = 0;
		};
/* End PBXSourcesBuildPhase section */

/* Begin XCBuildConfiguration section */
		830384FB28F0E02A00F92EDD /* Debug */ = {
			isa = XCBuildConfiguration;
			buildSettings = {
				ALWAYS_SEARCH_USER_PATHS = NO;
				CLANG_ANALYZER_NONNULL = YES;
				CLANG_ANALYZER_NUMBER_OBJECT_CONVERSION = YES_AGGRESSIVE;
				CLANG_CXX_LANGUAGE_STANDARD = "gnu++20";
				CLANG_ENABLE_MODULES = YES;
				CLANG_ENABLE_OBJC_ARC = YES;
				CLANG_ENABLE_OBJC_WEAK = YES;
				CLANG_WARN_BLOCK_CAPTURE_AUTORELEASING = YES;
				CLANG_WARN_BOOL_CONVERSION = YES;
				CLANG_WARN_COMMA = YES;
				CLANG_WARN_CONSTANT_CONVERSION = YES;
				CLANG_WARN_DEPRECATED_OBJC_IMPLEMENTATIONS = YES;
				CLANG_WARN_DIRECT_OBJC_ISA_USAGE = YES_ERROR;
				CLANG_WARN_DOCUMENTATION_COMMENTS = YES;
				CLANG_WARN_EMPTY_BODY = YES;
				CLANG_WARN_ENUM_CONVERSION = YES;
				CLANG_WARN_INFINITE_RECURSION = YES;
				CLANG_WARN_INT_CONVERSION = YES;
				CLANG_WARN_NON_LITERAL_NULL_CONVERSION = YES;
				CLANG_WARN_OBJC_IMPLICIT_RETAIN_SELF = YES;
				CLANG_WARN_OBJC_LITERAL_CONVERSION = YES;
				CLANG_WARN_OBJC_ROOT_CLASS = YES_ERROR;
				CLANG_WARN_QUOTED_INCLUDE_IN_FRAMEWORK_HEADER = YES;
				CLANG_WARN_RANGE_LOOP_ANALYSIS = YES;
				CLANG_WARN_STRICT_PROTOTYPES = YES;
				CLANG_WARN_SUSPICIOUS_MOVE = YES;
				CLANG_WARN_UNGUARDED_AVAILABILITY = YES_AGGRESSIVE;
				CLANG_WARN_UNREACHABLE_CODE = YES;
				CLANG_WARN__DUPLICATE_METHOD_MATCH = YES;
				COPY_PHASE_STRIP = NO;
				DEBUG_INFORMATION_FORMAT = dwarf;
				ENABLE_STRICT_OBJC_MSGSEND = YES;
				ENABLE_TESTABILITY = YES;
				GCC_C_LANGUAGE_STANDARD = gnu11;
				GCC_DYNAMIC_NO_PIC = NO;
				GCC_NO_COMMON_BLOCKS = YES;
				GCC_OPTIMIZATION_LEVEL = 0;
				GCC_PREPROCESSOR_DEFINITIONS = (
					"DEBUG=1",
					"$(inherited)",
				);
				GCC_WARN_64_TO_32_BIT_CONVERSION = YES;
				GCC_WARN_ABOUT_RETURN_TYPE = YES_ERROR;
				GCC_WARN_UNDECLARED_SELECTOR = YES;
				GCC_WARN_UNINITIALIZED_AUTOS = YES_AGGRESSIVE;
				GCC_WARN_UNUSED_FUNCTION = YES;
				GCC_WARN_UNUSED_VARIABLE = YES;
				IPHONEOS_DEPLOYMENT_TARGET = 15.0;
				MTL_ENABLE_DEBUG_INFO = INCLUDE_SOURCE;
				MTL_FAST_MATH = YES;
				ONLY_ACTIVE_ARCH = YES;
				SDKROOT = iphoneos;
				SWIFT_ACTIVE_COMPILATION_CONDITIONS = DEBUG;
				SWIFT_OPTIMIZATION_LEVEL = "-Onone";
			};
			name = Debug;
		};
		830384FC28F0E02A00F92EDD /* Release */ = {
			isa = XCBuildConfiguration;
			buildSettings = {
				ALWAYS_SEARCH_USER_PATHS = NO;
				CLANG_ANALYZER_NONNULL = YES;
				CLANG_ANALYZER_NUMBER_OBJECT_CONVERSION = YES_AGGRESSIVE;
				CLANG_CXX_LANGUAGE_STANDARD = "gnu++20";
				CLANG_ENABLE_MODULES = YES;
				CLANG_ENABLE_OBJC_ARC = YES;
				CLANG_ENABLE_OBJC_WEAK = YES;
				CLANG_WARN_BLOCK_CAPTURE_AUTORELEASING = YES;
				CLANG_WARN_BOOL_CONVERSION = YES;
				CLANG_WARN_COMMA = YES;
				CLANG_WARN_CONSTANT_CONVERSION = YES;
				CLANG_WARN_DEPRECATED_OBJC_IMPLEMENTATIONS = YES;
				CLANG_WARN_DIRECT_OBJC_ISA_USAGE = YES_ERROR;
				CLANG_WARN_DOCUMENTATION_COMMENTS = YES;
				CLANG_WARN_EMPTY_BODY = YES;
				CLANG_WARN_ENUM_CONVERSION = YES;
				CLANG_WARN_INFINITE_RECURSION = YES;
				CLANG_WARN_INT_CONVERSION = YES;
				CLANG_WARN_NON_LITERAL_NULL_CONVERSION = YES;
				CLANG_WARN_OBJC_IMPLICIT_RETAIN_SELF = YES;
				CLANG_WARN_OBJC_LITERAL_CONVERSION = YES;
				CLANG_WARN_OBJC_ROOT_CLASS = YES_ERROR;
				CLANG_WARN_QUOTED_INCLUDE_IN_FRAMEWORK_HEADER = YES;
				CLANG_WARN_RANGE_LOOP_ANALYSIS = YES;
				CLANG_WARN_STRICT_PROTOTYPES = YES;
				CLANG_WARN_SUSPICIOUS_MOVE = YES;
				CLANG_WARN_UNGUARDED_AVAILABILITY = YES_AGGRESSIVE;
				CLANG_WARN_UNREACHABLE_CODE = YES;
				CLANG_WARN__DUPLICATE_METHOD_MATCH = YES;
				COPY_PHASE_STRIP = NO;
				DEBUG_INFORMATION_FORMAT = "dwarf-with-dsym";
				ENABLE_NS_ASSERTIONS = NO;
				ENABLE_STRICT_OBJC_MSGSEND = YES;
				GCC_C_LANGUAGE_STANDARD = gnu11;
				GCC_NO_COMMON_BLOCKS = YES;
				GCC_WARN_64_TO_32_BIT_CONVERSION = YES;
				GCC_WARN_ABOUT_RETURN_TYPE = YES_ERROR;
				GCC_WARN_UNDECLARED_SELECTOR = YES;
				GCC_WARN_UNINITIALIZED_AUTOS = YES_AGGRESSIVE;
				GCC_WARN_UNUSED_FUNCTION = YES;
				GCC_WARN_UNUSED_VARIABLE = YES;
				IPHONEOS_DEPLOYMENT_TARGET = 15.0;
				MTL_ENABLE_DEBUG_INFO = NO;
				MTL_FAST_MATH = YES;
				SDKROOT = iphoneos;
				SWIFT_COMPILATION_MODE = wholemodule;
				SWIFT_OPTIMIZATION_LEVEL = "-O";
				VALIDATE_PRODUCT = YES;
			};
			name = Release;
		};
		830384FE28F0E02A00F92EDD /* Debug */ = {
			isa = XCBuildConfiguration;
			buildSettings = {
				ASSETCATALOG_COMPILER_APPICON_NAME = AppIcon;
				ASSETCATALOG_COMPILER_GLOBAL_ACCENT_COLOR_NAME = AccentColor;
				CODE_SIGN_STYLE = Automatic;
				CURRENT_PROJECT_VERSION = 1;
				DEVELOPMENT_ASSET_PATHS = "\"LuloBank/Preview Content\"";
				DEVELOPMENT_TEAM = 4H2AKA2B37;
				ENABLE_PREVIEWS = YES;
				GENERATE_INFOPLIST_FILE = YES;
				INFOPLIST_KEY_UIApplicationSceneManifest_Generation = YES;
				INFOPLIST_KEY_UIApplicationSupportsIndirectInputEvents = YES;
				INFOPLIST_KEY_UILaunchScreen_Generation = YES;
				INFOPLIST_KEY_UISupportedInterfaceOrientations_iPad = "UIInterfaceOrientationPortrait UIInterfaceOrientationPortraitUpsideDown UIInterfaceOrientationLandscapeLeft UIInterfaceOrientationLandscapeRight";
				INFOPLIST_KEY_UISupportedInterfaceOrientations_iPhone = "UIInterfaceOrientationPortrait UIInterfaceOrientationLandscapeLeft UIInterfaceOrientationLandscapeRight";
				INFOPLIST_KEY_UIUserInterfaceStyle = Light;
				IPHONEOS_DEPLOYMENT_TARGET = 15.0;
				LD_RUNPATH_SEARCH_PATHS = (
					"$(inherited)",
					"@executable_path/Frameworks",
				);
				MARKETING_VERSION = 1.0;
				PRODUCT_BUNDLE_IDENTIFIER = com.pcarrillo.LuloBank;
				PRODUCT_NAME = "$(TARGET_NAME)";
				SWIFT_EMIT_LOC_STRINGS = YES;
				SWIFT_VERSION = 5.0;
				TARGETED_DEVICE_FAMILY = "1,2";
			};
			name = Debug;
		};
		830384FF28F0E02A00F92EDD /* Release */ = {
			isa = XCBuildConfiguration;
			buildSettings = {
				ASSETCATALOG_COMPILER_APPICON_NAME = AppIcon;
				ASSETCATALOG_COMPILER_GLOBAL_ACCENT_COLOR_NAME = AccentColor;
				CODE_SIGN_STYLE = Automatic;
				CURRENT_PROJECT_VERSION = 1;
				DEVELOPMENT_ASSET_PATHS = "\"LuloBank/Preview Content\"";
				DEVELOPMENT_TEAM = 4H2AKA2B37;
				ENABLE_PREVIEWS = YES;
				GENERATE_INFOPLIST_FILE = YES;
				INFOPLIST_KEY_UIApplicationSceneManifest_Generation = YES;
				INFOPLIST_KEY_UIApplicationSupportsIndirectInputEvents = YES;
				INFOPLIST_KEY_UILaunchScreen_Generation = YES;
				INFOPLIST_KEY_UISupportedInterfaceOrientations_iPad = "UIInterfaceOrientationPortrait UIInterfaceOrientationPortraitUpsideDown UIInterfaceOrientationLandscapeLeft UIInterfaceOrientationLandscapeRight";
				INFOPLIST_KEY_UISupportedInterfaceOrientations_iPhone = "UIInterfaceOrientationPortrait UIInterfaceOrientationLandscapeLeft UIInterfaceOrientationLandscapeRight";
				INFOPLIST_KEY_UIUserInterfaceStyle = Light;
				IPHONEOS_DEPLOYMENT_TARGET = 15.0;
				LD_RUNPATH_SEARCH_PATHS = (
					"$(inherited)",
					"@executable_path/Frameworks",
				);
				MARKETING_VERSION = 1.0;
				PRODUCT_BUNDLE_IDENTIFIER = com.pcarrillo.LuloBank;
				PRODUCT_NAME = "$(TARGET_NAME)";
				SWIFT_EMIT_LOC_STRINGS = YES;
				SWIFT_VERSION = 5.0;
				TARGETED_DEVICE_FAMILY = "1,2";
			};
			name = Release;
		};
/* End XCBuildConfiguration section */

/* Begin XCConfigurationList section */
		830384EA28F0E02600F92EDD /* Build configuration list for PBXProject "LuloBank" */ = {
			isa = XCConfigurationList;
			buildConfigurations = (
				830384FB28F0E02A00F92EDD /* Debug */,
				830384FC28F0E02A00F92EDD /* Release */,
			);
			defaultConfigurationIsVisible = 0;
			defaultConfigurationName = Release;
		};
		830384FD28F0E02A00F92EDD /* Build configuration list for PBXNativeTarget "LuloBank" */ = {
			isa = XCConfigurationList;
			buildConfigurations = (
				830384FE28F0E02A00F92EDD /* Debug */,
				830384FF28F0E02A00F92EDD /* Release */,
			);
			defaultConfigurationIsVisible = 0;
			defaultConfigurationName = Release;
		};
/* End XCConfigurationList section */
	};
	rootObject = 830384E728F0E02600F92EDD /* Project object */;
}
